// !$*UTF8*$!
{
	archiveVersion = 1;
	classes = {
	};
	objectVersion = 46;
	objects = {

/* Begin PBXBuildFile section */
		8BB0F2D4BD74DFBA20F5F22F /* libPods-PLLiveCourse.a in Frameworks */ = {isa = PBXBuildFile; fileRef = 721EF04022C3CE46EC4502E2 /* libPods-PLLiveCourse.a */; };
		D222D65F1D5046C500890536 /* PlcBroadcastRoomViewController.m in Sources */ = {isa = PBXBuildFile; fileRef = D222D65E1D5046C500890536 /* PlcBroadcastRoomViewController.m */; };
		D222D6661D5069D200890536 /* PlcRoomInfo.m in Sources */ = {isa = PBXBuildFile; fileRef = D222D6651D5069D200890536 /* PlcRoomInfo.m */; };
		D222D6691D50779A00890536 /* PlcPlayerViewController.m in Sources */ = {isa = PBXBuildFile; fileRef = D222D6681D50779A00890536 /* PlcPlayerViewController.m */; };
		D22A44741D59CAF5008E6DD3 /* qiniu.png in Resources */ = {isa = PBXBuildFile; fileRef = D22A44731D59CAF5008E6DD3 /* qiniu.png */; };
		D2763B451D5040B20006002C /* main.m in Sources */ = {isa = PBXBuildFile; fileRef = D2763B441D5040B20006002C /* main.m */; };
		D2763B481D5040B20006002C /* AppDelegate.m in Sources */ = {isa = PBXBuildFile; fileRef = D2763B471D5040B20006002C /* AppDelegate.m */; };
		D2763B501D5040B20006002C /* Assets.xcassets in Resources */ = {isa = PBXBuildFile; fileRef = D2763B4F1D5040B20006002C /* Assets.xcassets */; };
		D2763B531D5040B20006002C /* LaunchScreen.storyboard in Resources */ = {isa = PBXBuildFile; fileRef = D2763B511D5040B20006002C /* LaunchScreen.storyboard */; };
		D2763B5F1D5041870006002C /* PlcLobbyViewController.m in Sources */ = {isa = PBXBuildFile; fileRef = D2763B5E1D5041870006002C /* PlcLobbyViewController.m */; };
/* End PBXBuildFile section */

/* Begin PBXFileReference section */
		2E0A6671AE50640300E1A297 /* Pods-PLLiveCourse.release.xcconfig */ = {isa = PBXFileReference; includeInIndex = 1; lastKnownFileType = text.xcconfig; name = "Pods-PLLiveCourse.release.xcconfig"; path = "Pods/Target Support Files/Pods-PLLiveCourse/Pods-PLLiveCourse.release.xcconfig"; sourceTree = "<group>"; };
		721EF04022C3CE46EC4502E2 /* libPods-PLLiveCourse.a */ = {isa = PBXFileReference; explicitFileType = archive.ar; includeInIndex = 0; path = "libPods-PLLiveCourse.a"; sourceTree = BUILT_PRODUCTS_DIR; };
		C3C89176E348C06621467155 /* Pods-PLLiveCourse.debug.xcconfig */ = {isa = PBXFileReference; includeInIndex = 1; lastKnownFileType = text.xcconfig; name = "Pods-PLLiveCourse.debug.xcconfig"; path = "Pods/Target Support Files/Pods-PLLiveCourse/Pods-PLLiveCourse.debug.xcconfig"; sourceTree = "<group>"; };
		D222D65D1D5046C500890536 /* PlcBroadcastRoomViewController.h */ = {isa = PBXFileReference; fileEncoding = 4; lastKnownFileType = sourcecode.c.h; path = PlcBroadcastRoomViewController.h; sourceTree = "<group>"; };
		D222D65E1D5046C500890536 /* PlcBroadcastRoomViewController.m */ = {isa = PBXFileReference; fileEncoding = 4; lastKnownFileType = sourcecode.c.objc; path = PlcBroadcastRoomViewController.m; sourceTree = "<group>"; };
		D222D6641D5069D200890536 /* PlcRoomInfo.h */ = {isa = PBXFileReference; fileEncoding = 4; lastKnownFileType = sourcecode.c.h; path = PlcRoomInfo.h; sourceTree = "<group>"; };
		D222D6651D5069D200890536 /* PlcRoomInfo.m */ = {isa = PBXFileReference; fileEncoding = 4; lastKnownFileType = sourcecode.c.objc; path = PlcRoomInfo.m; sourceTree = "<group>"; };
		D222D6671D50779A00890536 /* PlcPlayerViewController.h */ = {isa = PBXFileReference; fileEncoding = 4; lastKnownFileType = sourcecode.c.h; path = PlcPlayerViewController.h; sourceTree = "<group>"; };
		D222D6681D50779A00890536 /* PlcPlayerViewController.m */ = {isa = PBXFileReference; fileEncoding = 4; lastKnownFileType = sourcecode.c.objc; path = PlcPlayerViewController.m; sourceTree = "<group>"; };
		D22A44731D59CAF5008E6DD3 /* qiniu.png */ = {isa = PBXFileReference; lastKnownFileType = image.png; name = qiniu.png; path = "../../../pili-camera-streaming-ios-kit/PLMediaStreamingKitDemo/PLCameraStreamingKitDemo/qiniu.png"; sourceTree = "<group>"; };
		D2763B401D5040B10006002C /* PLLiveCourse.app */ = {isa = PBXFileReference; explicitFileType = wrapper.application; includeInIndex = 0; path = PLLiveCourse.app; sourceTree = BUILT_PRODUCTS_DIR; };
		D2763B441D5040B20006002C /* main.m */ = {isa = PBXFileReference; lastKnownFileType = sourcecode.c.objc; path = main.m; sourceTree = "<group>"; };
		D2763B461D5040B20006002C /* AppDelegate.h */ = {isa = PBXFileReference; lastKnownFileType = sourcecode.c.h; path = AppDelegate.h; sourceTree = "<group>"; };
		D2763B471D5040B20006002C /* AppDelegate.m */ = {isa = PBXFileReference; lastKnownFileType = sourcecode.c.objc; path = AppDelegate.m; sourceTree = "<group>"; };
		D2763B4F1D5040B20006002C /* Assets.xcassets */ = {isa = PBXFileReference; lastKnownFileType = folder.assetcatalog; path = Assets.xcassets; sourceTree = "<group>"; };
		D2763B521D5040B20006002C /* Base */ = {isa = PBXFileReference; lastKnownFileType = file.storyboard; name = Base; path = Base.lproj/LaunchScreen.storyboard; sourceTree = "<group>"; };
		D2763B541D5040B20006002C /* Info.plist */ = {isa = PBXFileReference; lastKnownFileType = text.plist.xml; path = Info.plist; sourceTree = "<group>"; };
		D2763B5D1D5041870006002C /* PlcLobbyViewController.h */ = {isa = PBXFileReference; fileEncoding = 4; lastKnownFileType = sourcecode.c.h; path = PlcLobbyViewController.h; sourceTree = "<group>"; };
		D2763B5E1D5041870006002C /* PlcLobbyViewController.m */ = {isa = PBXFileReference; fileEncoding = 4; lastKnownFileType = sourcecode.c.objc; path = PlcLobbyViewController.m; sourceTree = "<group>"; };
/* End PBXFileReference section */

/* Begin PBXFrameworksBuildPhase section */
		D2763B3D1D5040B10006002C /* Frameworks */ = {
			isa = PBXFrameworksBuildPhase;
			buildActionMask = 2147483647;
			files = (
				8BB0F2D4BD74DFBA20F5F22F /* libPods-PLLiveCourse.a in Frameworks */,
			);
			runOnlyForDeploymentPostprocessing = 0;
		};
/* End PBXFrameworksBuildPhase section */

/* Begin PBXGroup section */
		4FC1AFABC417249C0A2A75B3 /* Pods */ = {
			isa = PBXGroup;
			children = (
				C3C89176E348C06621467155 /* Pods-PLLiveCourse.debug.xcconfig */,
				2E0A6671AE50640300E1A297 /* Pods-PLLiveCourse.release.xcconfig */,
			);
			name = Pods;
			sourceTree = "<group>";
		};
		623D7B4D94C5EFFB0EE56B91 /* Frameworks */ = {
			isa = PBXGroup;
			children = (
				721EF04022C3CE46EC4502E2 /* libPods-PLLiveCourse.a */,
			);
			name = Frameworks;
			sourceTree = "<group>";
		};
		D2763B371D5040B10006002C = {
			isa = PBXGroup;
			children = (
				D2763B421D5040B20006002C /* PLLiveCourse */,
				D2763B411D5040B10006002C /* Products */,
				4FC1AFABC417249C0A2A75B3 /* Pods */,
				623D7B4D94C5EFFB0EE56B91 /* Frameworks */,
			);
			sourceTree = "<group>";
		};
		D2763B411D5040B10006002C /* Products */ = {
			isa = PBXGroup;
			children = (
				D2763B401D5040B10006002C /* PLLiveCourse.app */,
			);
			name = Products;
			sourceTree = "<group>";
		};
		D2763B421D5040B20006002C /* PLLiveCourse */ = {
			isa = PBXGroup;
			children = (
				D2763B461D5040B20006002C /* AppDelegate.h */,
				D2763B471D5040B20006002C /* AppDelegate.m */,
				D2763B5D1D5041870006002C /* PlcLobbyViewController.h */,
				D2763B5E1D5041870006002C /* PlcLobbyViewController.m */,
				D222D65D1D5046C500890536 /* PlcBroadcastRoomViewController.h */,
				D222D65E1D5046C500890536 /* PlcBroadcastRoomViewController.m */,
				D222D6671D50779A00890536 /* PlcPlayerViewController.h */,
				D222D6681D50779A00890536 /* PlcPlayerViewController.m */,
				D222D6641D5069D200890536 /* PlcRoomInfo.h */,
				D222D6651D5069D200890536 /* PlcRoomInfo.m */,
				D22A44731D59CAF5008E6DD3 /* qiniu.png */,
				D2763B4F1D5040B20006002C /* Assets.xcassets */,
				D2763B511D5040B20006002C /* LaunchScreen.storyboard */,
				D2763B541D5040B20006002C /* Info.plist */,
				D2763B431D5040B20006002C /* Supporting Files */,
			);
			path = PLLiveCourse;
			sourceTree = "<group>";
		};
		D2763B431D5040B20006002C /* Supporting Files */ = {
			isa = PBXGroup;
			children = (
				D2763B441D5040B20006002C /* main.m */,
			);
			name = "Supporting Files";
			sourceTree = "<group>";
		};
/* End PBXGroup section */

/* Begin PBXNativeTarget section */
		D2763B3F1D5040B10006002C /* PLLiveCourse */ = {
			isa = PBXNativeTarget;
			buildConfigurationList = D2763B571D5040B20006002C /* Build configuration list for PBXNativeTarget "PLLiveCourse" */;
			buildPhases = (
				0EA86575CF4AA1E7DD007778 /* [CP] Check Pods Manifest.lock */,
				D2763B3C1D5040B10006002C /* Sources */,
				D2763B3D1D5040B10006002C /* Frameworks */,
				D2763B3E1D5040B10006002C /* Resources */,
				0B654B51AEE3D3E4ACFB93DC /* [CP] Embed Pods Frameworks */,
				73337CA133F8E5EAABDFEA7A /* [CP] Copy Pods Resources */,
			);
			buildRules = (
			);
			dependencies = (
			);
			name = PLLiveCourse;
			productName = PLLiveCourse;
			productReference = D2763B401D5040B10006002C /* PLLiveCourse.app */;
			productType = "com.apple.product-type.application";
		};
/* End PBXNativeTarget section */

/* Begin PBXProject section */
		D2763B381D5040B10006002C /* Project object */ = {
			isa = PBXProject;
			attributes = {
				LastUpgradeCheck = 0730;
				ORGANIZATIONNAME = "com.pili-engineering";
				TargetAttributes = {
					D2763B3F1D5040B10006002C = {
						CreatedOnToolsVersion = 7.3.1;
						DevelopmentTeam = GDFHW66V92;
					};
				};
			};
			buildConfigurationList = D2763B3B1D5040B10006002C /* Build configuration list for PBXProject "PLLiveCourse" */;
			compatibilityVersion = "Xcode 3.2";
			developmentRegion = English;
			hasScannedForEncodings = 0;
			knownRegions = (
				en,
				Base,
			);
			mainGroup = D2763B371D5040B10006002C;
			productRefGroup = D2763B411D5040B10006002C /* Products */;
			projectDirPath = "";
			projectRoot = "";
			targets = (
				D2763B3F1D5040B10006002C /* PLLiveCourse */,
			);
		};
/* End PBXProject section */

/* Begin PBXResourcesBuildPhase section */
		D2763B3E1D5040B10006002C /* Resources */ = {
			isa = PBXResourcesBuildPhase;
			buildActionMask = 2147483647;
			files = (
				D22A44741D59CAF5008E6DD3 /* qiniu.png in Resources */,
				D2763B531D5040B20006002C /* LaunchScreen.storyboard in Resources */,
				D2763B501D5040B20006002C /* Assets.xcassets in Resources */,
			);
			runOnlyForDeploymentPostprocessing = 0;
		};
/* End PBXResourcesBuildPhase section */

/* Begin PBXShellScriptBuildPhase section */
		0B654B51AEE3D3E4ACFB93DC /* [CP] Embed Pods Frameworks */ = {
			isa = PBXShellScriptBuildPhase;
			buildActionMask = 2147483647;
			files = (
			);
			inputPaths = (
			);
			name = "[CP] Embed Pods Frameworks";
			outputPaths = (
			);
			runOnlyForDeploymentPostprocessing = 0;
			shellPath = /bin/sh;
			shellScript = "\"${SRCROOT}/Pods/Target Support Files/Pods-PLLiveCourse/Pods-PLLiveCourse-frameworks.sh\"\n";
			showEnvVarsInLog = 0;
		};
		0EA86575CF4AA1E7DD007778 /* [CP] Check Pods Manifest.lock */ = {
			isa = PBXShellScriptBuildPhase;
			buildActionMask = 2147483647;
			files = (
			);
			inputPaths = (
			);
			name = "[CP] Check Pods Manifest.lock";
			outputPaths = (
			);
			runOnlyForDeploymentPostprocessing = 0;
			shellPath = /bin/sh;
			shellScript = "diff \"${PODS_ROOT}/../Podfile.lock\" \"${PODS_ROOT}/Manifest.lock\" > /dev/null\nif [ $? != 0 ] ; then\n    # print error to STDERR\n    echo \"error: The sandbox is not in sync with the Podfile.lock. Run 'pod install' or update your CocoaPods installation.\" >&2\n    exit 1\nfi\n";
			showEnvVarsInLog = 0;
		};
		73337CA133F8E5EAABDFEA7A /* [CP] Copy Pods Resources */ = {
			isa = PBXShellScriptBuildPhase;
			buildActionMask = 2147483647;
			files = (
			);
			inputPaths = (
			);
			name = "[CP] Copy Pods Resources";
			outputPaths = (
			);
			runOnlyForDeploymentPostprocessing = 0;
			shellPath = /bin/sh;
			shellScript = "\"${SRCROOT}/Pods/Target Support Files/Pods-PLLiveCourse/Pods-PLLiveCourse-resources.sh\"\n";
			showEnvVarsInLog = 0;
		};
/* End PBXShellScriptBuildPhase section */

/* Begin PBXSourcesBuildPhase section */
		D2763B3C1D5040B10006002C /* Sources */ = {
			isa = PBXSourcesBuildPhase;
			buildActionMask = 2147483647;
			files = (
				D2763B481D5040B20006002C /* AppDelegate.m in Sources */,
				D222D6691D50779A00890536 /* PlcPlayerViewController.m in Sources */,
				D2763B5F1D5041870006002C /* PlcLobbyViewController.m in Sources */,
				D222D65F1D5046C500890536 /* PlcBroadcastRoomViewController.m in Sources */,
				D2763B451D5040B20006002C /* main.m in Sources */,
				D222D6661D5069D200890536 /* PlcRoomInfo.m in Sources */,
			);
			runOnlyForDeploymentPostprocessing = 0;
		};
/* End PBXSourcesBuildPhase section */

/* Begin PBXVariantGroup section */
		D2763B511D5040B20006002C /* LaunchScreen.storyboard */ = {
			isa = PBXVariantGroup;
			children = (
				D2763B521D5040B20006002C /* Base */,
			);
			name = LaunchScreen.storyboard;
			sourceTree = "<group>";
		};
/* End PBXVariantGroup section */

/* Begin XCBuildConfiguration section */
		D2763B551D5040B20006002C /* Debug */ = {
			isa = XCBuildConfiguration;
			buildSettings = {
				ALWAYS_SEARCH_USER_PATHS = NO;
				CLANG_ANALYZER_NONNULL = YES;
				CLANG_CXX_LANGUAGE_STANDARD = "gnu++0x";
				CLANG_CXX_LIBRARY = "libc++";
				CLANG_ENABLE_MODULES = YES;
				CLANG_ENABLE_OBJC_ARC = YES;
				CLANG_WARN_BOOL_CONVERSION = YES;
				CLANG_WARN_CONSTANT_CONVERSION = YES;
				CLANG_WARN_DIRECT_OBJC_ISA_USAGE = YES_ERROR;
				CLANG_WARN_EMPTY_BODY = YES;
				CLANG_WARN_ENUM_CONVERSION = YES;
				CLANG_WARN_INT_CONVERSION = YES;
				CLANG_WARN_OBJC_ROOT_CLASS = YES_ERROR;
				CLANG_WARN_UNREACHABLE_CODE = YES;
				CLANG_WARN__DUPLICATE_METHOD_MATCH = YES;
				"CODE_SIGN_IDENTITY[sdk=iphoneos*]" = "iPhone Developer";
				COPY_PHASE_STRIP = NO;
				DEBUG_INFORMATION_FORMAT = dwarf;
				ENABLE_STRICT_OBJC_MSGSEND = YES;
				ENABLE_TESTABILITY = YES;
				GCC_C_LANGUAGE_STANDARD = gnu99;
				GCC_DYNAMIC_NO_PIC = NO;
				GCC_NO_COMMON_BLOCKS = YES;
				GCC_OPTIMIZATION_LEVEL = 0;
				GCC_PREPROCESSOR_DEFINITIONS = (
					"DEBUG=1",
					"$(inherited)",
				);
				GCC_WARN_64_TO_32_BIT_CONVERSION = YES;
				GCC_WARN_ABOUT_RETURN_TYPE = YES_ERROR;
				GCC_WARN_UNDECLARED_SELECTOR = YES;
				GCC_WARN_UNINITIALIZED_AUTOS = YES_AGGRESSIVE;
				GCC_WARN_UNUSED_FUNCTION = YES;
				GCC_WARN_UNUSED_VARIABLE = YES;
				IPHONEOS_DEPLOYMENT_TARGET = 9.3;
				MTL_ENABLE_DEBUG_INFO = YES;
				ONLY_ACTIVE_ARCH = YES;
				SDKROOT = iphoneos;
			};
			name = Debug;
		};
		D2763B561D5040B20006002C /* Release */ = {
			isa = XCBuildConfiguration;
			buildSettings = {
				ALWAYS_SEARCH_USER_PATHS = NO;
				CLANG_ANALYZER_NONNULL = YES;
				CLANG_CXX_LANGUAGE_STANDARD = "gnu++0x";
				CLANG_CXX_LIBRARY = "libc++";
				CLANG_ENABLE_MODULES = YES;
				CLANG_ENABLE_OBJC_ARC = YES;
				CLANG_WARN_BOOL_CONVERSION = YES;
				CLANG_WARN_CONSTANT_CONVERSION = YES;
				CLANG_WARN_DIRECT_OBJC_ISA_USAGE = YES_ERROR;
				CLANG_WARN_EMPTY_BODY = YES;
				CLANG_WARN_ENUM_CONVERSION = YES;
				CLANG_WARN_INT_CONVERSION = YES;
				CLANG_WARN_OBJC_ROOT_CLASS = YES_ERROR;
				CLANG_WARN_UNREACHABLE_CODE = YES;
				CLANG_WARN__DUPLICATE_METHOD_MATCH = YES;
				"CODE_SIGN_IDENTITY[sdk=iphoneos*]" = "iPhone Developer";
				COPY_PHASE_STRIP = NO;
				DEBUG_INFORMATION_FORMAT = "dwarf-with-dsym";
				ENABLE_NS_ASSERTIONS = NO;
				ENABLE_STRICT_OBJC_MSGSEND = YES;
				GCC_C_LANGUAGE_STANDARD = gnu99;
				GCC_NO_COMMON_BLOCKS = YES;
				GCC_WARN_64_TO_32_BIT_CONVERSION = YES;
				GCC_WARN_ABOUT_RETURN_TYPE = YES_ERROR;
				GCC_WARN_UNDECLARED_SELECTOR = YES;
				GCC_WARN_UNINITIALIZED_AUTOS = YES_AGGRESSIVE;
				GCC_WARN_UNUSED_FUNCTION = YES;
				GCC_WARN_UNUSED_VARIABLE = YES;
				IPHONEOS_DEPLOYMENT_TARGET = 9.3;
				MTL_ENABLE_DEBUG_INFO = NO;
				SDKROOT = iphoneos;
				VALIDATE_PRODUCT = YES;
			};
			name = Release;
		};
		D2763B581D5040B20006002C /* Debug */ = {
			isa = XCBuildConfiguration;
			baseConfigurationReference = C3C89176E348C06621467155 /* Pods-PLLiveCourse.debug.xcconfig */;
			buildSettings = {
				ASSETCATALOG_COMPILER_APPICON_NAME = AppIcon;
				CODE_SIGN_IDENTITY = "iPhone Developer";
				INFOPLIST_FILE = PLLiveCourse/Info.plist;
				LD_RUNPATH_SEARCH_PATHS = "$(inherited) @executable_path/Frameworks";
				PRODUCT_BUNDLE_IDENTIFIER = "com.pili-engineering.PLLiveCourse";
				PRODUCT_NAME = "$(TARGET_NAME)";
			};
			name = Debug;
		};
		D2763B591D5040B20006002C /* Release */ = {
			isa = XCBuildConfiguration;
			baseConfigurationReference = 2E0A6671AE50640300E1A297 /* Pods-PLLiveCourse.release.xcconfig */;
			buildSettings = {
				ASSETCATALOG_COMPILER_APPICON_NAME = AppIcon;
				CODE_SIGN_IDENTITY = "iPhone Developer";
				INFOPLIST_FILE = PLLiveCourse/Info.plist;
				LD_RUNPATH_SEARCH_PATHS = "$(inherited) @executable_path/Frameworks";
				PRODUCT_BUNDLE_IDENTIFIER = "com.pili-engineering.PLLiveCourse";
				PRODUCT_NAME = "$(TARGET_NAME)";
			};
			name = Release;
		};
/* End XCBuildConfiguration section */

/* Begin XCConfigurationList section */
		D2763B3B1D5040B10006002C /* Build configuration list for PBXProject "PLLiveCourse" */ = {
			isa = XCConfigurationList;
			buildConfigurations = (
				D2763B551D5040B20006002C /* Debug */,
				D2763B561D5040B20006002C /* Release */,
			);
			defaultConfigurationIsVisible = 0;
			defaultConfigurationName = Release;
		};
		D2763B571D5040B20006002C /* Build configuration list for PBXNativeTarget "PLLiveCourse" */ = {
			isa = XCConfigurationList;
			buildConfigurations = (
				D2763B581D5040B20006002C /* Debug */,
				D2763B591D5040B20006002C /* Release */,
			);
			defaultConfigurationIsVisible = 0;
			defaultConfigurationName = Release;
		};
/* End XCConfigurationList section */
	};
	rootObject = D2763B381D5040B10006002C /* Project object */;
}
